{
  "name": "belarusian-ruble",
  "version": "1.0.0",
  "lockfileVersion": 1,
  "requires": true,
  "dependencies": {
    "generate-magic-square": {
      "version": "1.0.0",
      "resolved": "https://registry.npmjs.org/generate-magic-square/-/generate-magic-square-1.0.0.tgz",
      "integrity": "sha512-cxL6tfd8lwbB3fvrXbOnT+cgkyBIbPr5njvNC/fHvmFYRvecUo3fymM8NZE2BTph+vpi8l7hrDdukNQeadlF5g=="
    }
  }
}
